
Microsoft Visual Studio Solution File, Format Version 12.00
# Visual Studio Version 16
VisualStudioVersion = 16.0.30011.22
MinimumVisualStudioVersion = 10.0.40219.1
Project("{2150E333-8FDC-42A3-9474-1A3956D46DE8}") = "Solution Items", "Solution Items", "{DFD762A7-3782-4665-912E-DD1640821780}"
	ProjectSection(SolutionItems) = preProject
		.editorconfig = .editorconfig
	EndProjectSection
EndProject
Project("{9A19103F-16F7-4668-BE54-9A1E7A4F7556}") = "Orbitfog.Core.Database.DataReaderMapper", "Orbitfog.Core.Database.DataReaderMapper\Orbitfog.Core.Database.DataReaderMapper.csproj", "{A976806D-28AE-4AEB-893A-1AF7C7ABF94A}"
EndProject
Project("{9A19103F-16F7-4668-BE54-9A1E7A4F7556}") = "Orbitfog.Core.Database.DataReaderMapper.PerformanceDataGeneratorCli", "Orbitfog.Core.Database.DataReaderMapper.PerformanceDataGeneratorCli\Orbitfog.Core.Database.DataReaderMapper.PerformanceDataGeneratorCli.csproj", "{3D98DDFC-A66F-4221-A1BF-0885C2EDA8DD}"
EndProject
Project("{9A19103F-16F7-4668-BE54-9A1E7A4F7556}") = "Orbitfog.Core.Database.DataReaderMapper.PerformanceTestCli", "Orbitfog.Core.Database.DataReaderMapper.PerformanceTestCli\Orbitfog.Core.Database.DataReaderMapper.PerformanceTestCli.csproj", "{10E93161-F141-4F9C-9779-02CA14EA2771}"
EndProject
Project("{9A19103F-16F7-4668-BE54-9A1E7A4F7556}") = "Orbitfog.Core.Database.DataReaderMapper.UnitTests", "Orbitfog.Core.Database.DataReaderMapper.UnitTests\Orbitfog.Core.Database.DataReaderMapper.UnitTests.csproj", "{76A1E56B-FB8A-4B4A-B892-7B519D7734AF}"
EndProject
Global
	GlobalSection(SolutionConfigurationPlatforms) = preSolution
		Debug|Any CPU = Debug|Any CPU
		Release|Any CPU = Release|Any CPU
	EndGlobalSection
	GlobalSection(ProjectConfigurationPlatforms) = postSolution
		{A976806D-28AE-4AEB-893A-1AF7C7ABF94A}.Debug|Any CPU.ActiveCfg = Debug|Any CPU
		{A976806D-28AE-4AEB-893A-1AF7C7ABF94A}.Debug|Any CPU.Build.0 = Debug|Any CPU
		{A976806D-28AE-4AEB-893A-1AF7C7ABF94A}.Release|Any CPU.ActiveCfg = Release|Any CPU
		{A976806D-28AE-4AEB-893A-1AF7C7ABF94A}.Release|Any CPU.Build.0 = Release|Any CPU
		{3D98DDFC-A66F-4221-A1BF-0885C2EDA8DD}.Debug|Any CPU.ActiveCfg = Debug|Any CPU
		{3D98DDFC-A66F-4221-A1BF-0885C2EDA8DD}.Debug|Any CPU.Build.0 = Debug|Any CPU
		{3D98DDFC-A66F-4221-A1BF-0885C2EDA8DD}.Release|Any CPU.ActiveCfg = Release|Any CPU
		{3D98DDFC-A66F-4221-A1BF-0885C2EDA8DD}.Release|Any CPU.Build.0 = Release|Any CPU
		{10E93161-F141-4F9C-9779-02CA14EA2771}.Debug|Any CPU.ActiveCfg = Debug|Any CPU
		{10E93161-F141-4F9C-9779-02CA14EA2771}.Debug|Any CPU.Build.0 = Debug|Any CPU
		{10E93161-F141-4F9C-9779-02CA14EA2771}.Release|Any CPU.ActiveCfg = Release|Any CPU
		{10E93161-F141-4F9C-9779-02CA14EA2771}.Release|Any CPU.Build.0 = Release|Any CPU
		{76A1E56B-FB8A-4B4A-B892-7B519D7734AF}.Debug|Any CPU.ActiveCfg = Debug|Any CPU
		{76A1E56B-FB8A-4B4A-B892-7B519D7734AF}.Debug|Any CPU.Build.0 = Debug|Any CPU
		{76A1E56B-FB8A-4B4A-B892-7B519D7734AF}.Release|Any CPU.ActiveCfg = Release|Any CPU
		{76A1E56B-FB8A-4B4A-B892-7B519D7734AF}.Release|Any CPU.Build.0 = Release|Any CPU
	EndGlobalSection
	GlobalSection(SolutionProperties) = preSolution
		HideSolutionNode = FALSE
	EndGlobalSection
	GlobalSection(ExtensibilityGlobals) = postSolution
		SolutionGuid = {7B79D07F-E5E2-42B9-A00B-6C986DF065B5}
	EndGlobalSection
EndGlobal
